
Microsoft Visual Studio Solution File, Format Version 12.00
# Visual Studio Version 16
VisualStudioVersion = 16.0.30523.141
MinimumVisualStudioVersion = 10.0.40219.1
Project("{9A19103F-16F7-4668-BE54-9A1E7A4F7556}") = "4-Classes", "4-Classes\4-Classes.csproj", "{5CF13243-9C1F-4613-B90F-6BC34777FF84}"
EndProject
Project("{9A19103F-16F7-4668-BE54-9A1E7A4F7556}") = "AccountTest", "AccountTest\AccountTest.csproj", "{FB59855B-F006-433A-ACC8-5D2973A1BA32}"
EndProject
Project("{9A19103F-16F7-4668-BE54-9A1E7A4F7556}") = "BinaryArray", "BinaryArray\BinaryArray.csproj", "{F6E3831D-5392-4415-B929-8D6599AE5303}"
EndProject
Project("{9A19103F-16F7-4668-BE54-9A1E7A4F7556}") = "GradeBook", "GradeBook\GradeBook.csproj", "{9EEE52F6-AF08-45E3-9938-0A4FCBC02E8A}"
EndProject
Project("{9A19103F-16F7-4668-BE54-9A1E7A4F7556}") = "AccountE4-11", "Account\AccountE4-11.csproj", "{DE9283E5-507D-4BAF-8F78-271C257F4E8C}"
EndProject
Project("{9A19103F-16F7-4668-BE54-9A1E7A4F7556}") = "Invoice", "Invoice\Invoice.csproj", "{B016EDDC-1D16-4AFC-9140-2000F8F8DF3E}"
EndProject
Project("{9A19103F-16F7-4668-BE54-9A1E7A4F7556}") = "Employee", "Employee\Employee.csproj", "{83151FB1-1486-4052-B44E-A36FC3B45FD5}"
EndProject
Project("{9A19103F-16F7-4668-BE54-9A1E7A4F7556}") = "Date", "Date\Date.csproj", "{9FBBA5C9-86FF-4412-A22D-8341EDAC1435}"
EndProject
Project("{9A19103F-16F7-4668-BE54-9A1E7A4F7556}") = "HeartRates", "HeartRates\HeartRates.csproj", "{AE1BFD2B-2B1B-4BC4-87A5-B17AE0D2C9DA}"
EndProject
Project("{9A19103F-16F7-4668-BE54-9A1E7A4F7556}") = "HealthProfile", "HealthProfile\HealthProfile.csproj", "{A7983ED4-A537-4DE9-94A9-F99704335577}"
EndProject
Project("{9A19103F-16F7-4668-BE54-9A1E7A4F7556}") = "Account1_4-1_4-2", "Account1\Account1_4-1_4-2.csproj", "{17FE8DE2-88EF-4B5B-84D3-C65F47CE878D}"
EndProject
Project("{9A19103F-16F7-4668-BE54-9A1E7A4F7556}") = "Account2_4-5_4-6", "Account2\Account2_4-5_4-6.csproj", "{E81134FF-3BAE-41F6-B77C-5DD5B79353F5}"
EndProject
Project("{9A19103F-16F7-4668-BE54-9A1E7A4F7556}") = "Account3", "Account3\Account3.csproj", "{DE2C586B-14F4-46EE-A933-19CAED9DEFD2}"
EndProject
Project("{9A19103F-16F7-4668-BE54-9A1E7A4F7556}") = "Account4", "Account4\Account4.csproj", "{C0A6C327-63F0-408E-833B-012B06D0EA27}"
EndProject
Global
	GlobalSection(SolutionConfigurationPlatforms) = preSolution
		Debug|Any CPU = Debug|Any CPU
		Release|Any CPU = Release|Any CPU
	EndGlobalSection
	GlobalSection(ProjectConfigurationPlatforms) = postSolution
		{5CF13243-9C1F-4613-B90F-6BC34777FF84}.Debug|Any CPU.ActiveCfg = Debug|Any CPU
		{5CF13243-9C1F-4613-B90F-6BC34777FF84}.Debug|Any CPU.Build.0 = Debug|Any CPU
		{5CF13243-9C1F-4613-B90F-6BC34777FF84}.Release|Any CPU.ActiveCfg = Release|Any CPU
		{5CF13243-9C1F-4613-B90F-6BC34777FF84}.Release|Any CPU.Build.0 = Release|Any CPU
		{FB59855B-F006-433A-ACC8-5D2973A1BA32}.Debug|Any CPU.ActiveCfg = Debug|Any CPU
		{FB59855B-F006-433A-ACC8-5D2973A1BA32}.Debug|Any CPU.Build.0 = Debug|Any CPU
		{FB59855B-F006-433A-ACC8-5D2973A1BA32}.Release|Any CPU.ActiveCfg = Release|Any CPU
		{FB59855B-F006-433A-ACC8-5D2973A1BA32}.Release|Any CPU.Build.0 = Release|Any CPU
		{F6E3831D-5392-4415-B929-8D6599AE5303}.Debug|Any CPU.ActiveCfg = Debug|Any CPU
		{F6E3831D-5392-4415-B929-8D6599AE5303}.Debug|Any CPU.Build.0 = Debug|Any CPU
		{F6E3831D-5392-4415-B929-8D6599AE5303}.Release|Any CPU.ActiveCfg = Release|Any CPU
		{F6E3831D-5392-4415-B929-8D6599AE5303}.Release|Any CPU.Build.0 = Release|Any CPU
		{9EEE52F6-AF08-45E3-9938-0A4FCBC02E8A}.Debug|Any CPU.ActiveCfg = Debug|Any CPU
		{9EEE52F6-AF08-45E3-9938-0A4FCBC02E8A}.Debug|Any CPU.Build.0 = Debug|Any CPU
		{9EEE52F6-AF08-45E3-9938-0A4FCBC02E8A}.Release|Any CPU.ActiveCfg = Release|Any CPU
		{9EEE52F6-AF08-45E3-9938-0A4FCBC02E8A}.Release|Any CPU.Build.0 = Release|Any CPU
		{DE9283E5-507D-4BAF-8F78-271C257F4E8C}.Debug|Any CPU.ActiveCfg = Debug|Any CPU
		{DE9283E5-507D-4BAF-8F78-271C257F4E8C}.Debug|Any CPU.Build.0 = Debug|Any CPU
		{DE9283E5-507D-4BAF-8F78-271C257F4E8C}.Release|Any CPU.ActiveCfg = Release|Any CPU
		{DE9283E5-507D-4BAF-8F78-271C257F4E8C}.Release|Any CPU.Build.0 = Release|Any CPU
		{B016EDDC-1D16-4AFC-9140-2000F8F8DF3E}.Debug|Any CPU.ActiveCfg = Debug|Any CPU
		{B016EDDC-1D16-4AFC-9140-2000F8F8DF3E}.Debug|Any CPU.Build.0 = Debug|Any CPU
		{B016EDDC-1D16-4AFC-9140-2000F8F8DF3E}.Release|Any CPU.ActiveCfg = Release|Any CPU
		{B016EDDC-1D16-4AFC-9140-2000F8F8DF3E}.Release|Any CPU.Build.0 = Release|Any CPU
		{83151FB1-1486-4052-B44E-A36FC3B45FD5}.Debug|Any CPU.ActiveCfg = Debug|Any CPU
		{83151FB1-1486-4052-B44E-A36FC3B45FD5}.Debug|Any CPU.Build.0 = Debug|Any CPU
		{83151FB1-1486-4052-B44E-A36FC3B45FD5}.Release|Any CPU.ActiveCfg = Release|Any CPU
		{83151FB1-1486-4052-B44E-A36FC3B45FD5}.Release|Any CPU.Build.0 = Release|Any CPU
		{9FBBA5C9-86FF-4412-A22D-8341EDAC1435}.Debug|Any CPU.ActiveCfg = Debug|Any CPU
		{9FBBA5C9-86FF-4412-A22D-8341EDAC1435}.Debug|Any CPU.Build.0 = Debug|Any CPU
		{9FBBA5C9-86FF-4412-A22D-8341EDAC1435}.Release|Any CPU.ActiveCfg = Release|Any CPU
		{9FBBA5C9-86FF-4412-A22D-8341EDAC1435}.Release|Any CPU.Build.0 = Release|Any CPU
		{AE1BFD2B-2B1B-4BC4-87A5-B17AE0D2C9DA}.Debug|Any CPU.ActiveCfg = Debug|Any CPU
		{AE1BFD2B-2B1B-4BC4-87A5-B17AE0D2C9DA}.Debug|Any CPU.Build.0 = Debug|Any CPU
		{AE1BFD2B-2B1B-4BC4-87A5-B17AE0D2C9DA}.Release|Any CPU.ActiveCfg = Release|Any CPU
		{AE1BFD2B-2B1B-4BC4-87A5-B17AE0D2C9DA}.Release|Any CPU.Build.0 = Release|Any CPU
		{A7983ED4-A537-4DE9-94A9-F99704335577}.Debug|Any CPU.ActiveCfg = Debug|Any CPU
		{A7983ED4-A537-4DE9-94A9-F99704335577}.Debug|Any CPU.Build.0 = Debug|Any CPU
		{A7983ED4-A537-4DE9-94A9-F99704335577}.Release|Any CPU.ActiveCfg = Release|Any CPU
		{A7983ED4-A537-4DE9-94A9-F99704335577}.Release|Any CPU.Build.0 = Release|Any CPU
		{17FE8DE2-88EF-4B5B-84D3-C65F47CE878D}.Debug|Any CPU.ActiveCfg = Debug|Any CPU
		{17FE8DE2-88EF-4B5B-84D3-C65F47CE878D}.Debug|Any CPU.Build.0 = Debug|Any CPU
		{17FE8DE2-88EF-4B5B-84D3-C65F47CE878D}.Release|Any CPU.ActiveCfg = Release|Any CPU
		{17FE8DE2-88EF-4B5B-84D3-C65F47CE878D}.Release|Any CPU.Build.0 = Release|Any CPU
		{E81134FF-3BAE-41F6-B77C-5DD5B79353F5}.Debug|Any CPU.ActiveCfg = Debug|Any CPU
		{E81134FF-3BAE-41F6-B77C-5DD5B79353F5}.Debug|Any CPU.Build.0 = Debug|Any CPU
		{E81134FF-3BAE-41F6-B77C-5DD5B79353F5}.Release|Any CPU.ActiveCfg = Release|Any CPU
		{E81134FF-3BAE-41F6-B77C-5DD5B79353F5}.Release|Any CPU.Build.0 = Release|Any CPU
		{DE2C586B-14F4-46EE-A933-19CAED9DEFD2}.Debug|Any CPU.ActiveCfg = Debug|Any CPU
		{DE2C586B-14F4-46EE-A933-19CAED9DEFD2}.Debug|Any CPU.Build.0 = Debug|Any CPU
		{DE2C586B-14F4-46EE-A933-19CAED9DEFD2}.Release|Any CPU.ActiveCfg = Release|Any CPU
		{DE2C586B-14F4-46EE-A933-19CAED9DEFD2}.Release|Any CPU.Build.0 = Release|Any CPU
		{C0A6C327-63F0-408E-833B-012B06D0EA27}.Debug|Any CPU.ActiveCfg = Debug|Any CPU
		{C0A6C327-63F0-408E-833B-012B06D0EA27}.Debug|Any CPU.Build.0 = Debug|Any CPU
		{C0A6C327-63F0-408E-833B-012B06D0EA27}.Release|Any CPU.ActiveCfg = Release|Any CPU
		{C0A6C327-63F0-408E-833B-012B06D0EA27}.Release|Any CPU.Build.0 = Release|Any CPU
	EndGlobalSection
	GlobalSection(SolutionProperties) = preSolution
		HideSolutionNode = FALSE
	EndGlobalSection
	GlobalSection(ExtensibilityGlobals) = postSolution
		SolutionGuid = {BCC5E81D-12D8-4812-939A-95C9B6314737}
	EndGlobalSection
EndGlobal
